// !$*UTF8*$!
{
	archiveVersion = 1;
	classes = {
	};
	objectVersion = 46;
	objects = {

/* Begin PBXBuildFile section */
		008E39AA873B21430E1C6DB1 /* libPods-AsyncDisplayKitCollectionViewTests.a in Frameworks */ = {isa = PBXBuildFile; fileRef = BD93B730B9FFA474E817DE92 /* libPods-AsyncDisplayKitCollectionViewTests.a */; };
		24F869F81FE18C1E16B5D241 /* libPods-AsyncDisplayKitCollectionViewUITests.a in Frameworks */ = {isa = PBXBuildFile; fileRef = BC63234751BCAA6A07E881CD /* libPods-AsyncDisplayKitCollectionViewUITests.a */; };
		563A5DABDC2041E7E8075DE2 /* libPods-AsyncDisplayKitCollectionView.a in Frameworks */ = {isa = PBXBuildFile; fileRef = 817F56244BE5873F0A48AB31 /* libPods-AsyncDisplayKitCollectionView.a */; };
		DC23CF961E6E8674002D5B21 /* main.m in Sources */ = {isa = PBXBuildFile; fileRef = DC23CF951E6E8674002D5B21 /* main.m */; };
		DC23CF991E6E8674002D5B21 /* AppDelegate.m in Sources */ = {isa = PBXBuildFile; fileRef = DC23CF981E6E8674002D5B21 /* AppDelegate.m */; };
		DC23CF9F1E6E8674002D5B21 /* Main.storyboard in Resources */ = {isa = PBXBuildFile; fileRef = DC23CF9D1E6E8674002D5B21 /* Main.storyboard */; };
		DC23CFA11E6E8674002D5B21 /* Assets.xcassets in Resources */ = {isa = PBXBuildFile; fileRef = DC23CFA01E6E8674002D5B21 /* Assets.xcassets */; };
		DC23CFA41E6E8674002D5B21 /* LaunchScreen.storyboard in Resources */ = {isa = PBXBuildFile; fileRef = DC23CFA21E6E8674002D5B21 /* LaunchScreen.storyboard */; };
		DC23CFAF1E6E8675002D5B21 /* AsyncDisplayKitCollectionViewTests.m in Sources */ = {isa = PBXBuildFile; fileRef = DC23CFAE1E6E8675002D5B21 /* AsyncDisplayKitCollectionViewTests.m */; };
		DC23CFBA1E6E8675002D5B21 /* AsyncDisplayKitCollectionViewUITests.m in Sources */ = {isa = PBXBuildFile; fileRef = DC23CFB91E6E8675002D5B21 /* AsyncDisplayKitCollectionViewUITests.m */; };
		DC23CFDF1E6EC2E2002D5B21 /* CustomCollectionViewCell.m in Sources */ = {isa = PBXBuildFile; fileRef = DC23CFDA1E6EC2E2002D5B21 /* CustomCollectionViewCell.m */; };
		DC23CFE01E6EC2E2002D5B21 /* HeaderFooterCollectionReusableView.m in Sources */ = {isa = PBXBuildFile; fileRef = DC23CFDC1E6EC2E2002D5B21 /* HeaderFooterCollectionReusableView.m */; };
		DC23CFE11E6EC2E2002D5B21 /* NativeViewController.m in Sources */ = {isa = PBXBuildFile; fileRef = DC23CFDE1E6EC2E2002D5B21 /* NativeViewController.m */; };
		DC9E7AB61E6FCE9B00D20CC8 /* CustomCollectionViewFlowLayout.m in Sources */ = {isa = PBXBuildFile; fileRef = DC9E7AB51E6FCE9B00D20CC8 /* CustomCollectionViewFlowLayout.m */; };
		DC9E7ABE1E6FF87D00D20CC8 /* GIFNetworkImageNodeViewController.m in Sources */ = {isa = PBXBuildFile; fileRef = DC9E7ABD1E6FF87D00D20CC8 /* GIFNetworkImageNodeViewController.m */; };
		DC9E7AD11E70159200D20CC8 /* WindowWithStatusBarUnderlay.m in Sources */ = {isa = PBXBuildFile; fileRef = DC9E7AD01E70159200D20CC8 /* WindowWithStatusBarUnderlay.m */; };
		DC9E7AD41E7015BE00D20CC8 /* Utilities.m in Sources */ = {isa = PBXBuildFile; fileRef = DC9E7AD31E7015BE00D20CC8 /* Utilities.m */; };
		DCC96F3D1E6F986E0099B692 /* ItemNode.m in Sources */ = {isa = PBXBuildFile; fileRef = DCC96F391E6F986E0099B692 /* ItemNode.m */; };
		DCC96F3E1E6F986E0099B692 /* SupplementaryNode.m in Sources */ = {isa = PBXBuildFile; fileRef = DCC96F3A1E6F986E0099B692 /* SupplementaryNode.m */; };
		DCC96F3F1E6F986E0099B692 /* ViewController.m in Sources */ = {isa = PBXBuildFile; fileRef = DCC96F3C1E6F986E0099B692 /* ViewController.m */; };
		DCE38B9F1E7119DC00CDE3CE /* PhotoFeedModel.m in Sources */ = {isa = PBXBuildFile; fileRef = DCE38B9E1E7119DC00CDE3CE /* PhotoFeedModel.m */; };
		DCE38BA91E711C2C00CDE3CE /* PhotoFeedBaseController.m in Sources */ = {isa = PBXBuildFile; fileRef = DCE38BA21E711C2C00CDE3CE /* PhotoFeedBaseController.m */; };
		DCE38BAA1E711C2C00CDE3CE /* PhotoFeedListKitViewController.m in Sources */ = {isa = PBXBuildFile; fileRef = DCE38BA41E711C2C00CDE3CE /* PhotoFeedListKitViewController.m */; };
		DCE38BAB1E711C2C00CDE3CE /* PhotoFeedNodeController.m in Sources */ = {isa = PBXBuildFile; fileRef = DCE38BA61E711C2C00CDE3CE /* PhotoFeedNodeController.m */; };
		DCE38BAC1E711C2C00CDE3CE /* PhotoFeedViewController.m in Sources */ = {isa = PBXBuildFile; fileRef = DCE38BA81E711C2C00CDE3CE /* PhotoFeedViewController.m */; };
/* End PBXBuildFile section */

/* Begin PBXContainerItemProxy section */
		DC23CFAB1E6E8675002D5B21 /* PBXContainerItemProxy */ = {
			isa = PBXContainerItemProxy;
			containerPortal = DC23CF891E6E8674002D5B21 /* Project object */;
			proxyType = 1;
			remoteGlobalIDString = DC23CF901E6E8674002D5B21;
			remoteInfo = AsyncDisplayKitCollectionView;
		};
		DC23CFB61E6E8675002D5B21 /* PBXContainerItemProxy */ = {
			isa = PBXContainerItemProxy;
			containerPortal = DC23CF891E6E8674002D5B21 /* Project object */;
			proxyType = 1;
			remoteGlobalIDString = DC23CF901E6E8674002D5B21;
			remoteInfo = AsyncDisplayKitCollectionView;
		};
/* End PBXContainerItemProxy section */

/* Begin PBXFileReference section */
		3A84B6EA8C5F8626B4CAB1D1 /* Pods-AsyncDisplayKitCollectionViewTests.release.xcconfig */ = {isa = PBXFileReference; includeInIndex = 1; lastKnownFileType = text.xcconfig; name = "Pods-AsyncDisplayKitCollectionViewTests.release.xcconfig"; path = "Pods/Target Support Files/Pods-AsyncDisplayKitCollectionViewTests/Pods-AsyncDisplayKitCollectionViewTests.release.xcconfig"; sourceTree = "<group>"; };
		479DC48D91B74F5C7B36F324 /* Pods-AsyncDisplayKitCollectionView.release.xcconfig */ = {isa = PBXFileReference; includeInIndex = 1; lastKnownFileType = text.xcconfig; name = "Pods-AsyncDisplayKitCollectionView.release.xcconfig"; path = "Pods/Target Support Files/Pods-AsyncDisplayKitCollectionView/Pods-AsyncDisplayKitCollectionView.release.xcconfig"; sourceTree = "<group>"; };
		817F56244BE5873F0A48AB31 /* libPods-AsyncDisplayKitCollectionView.a */ = {isa = PBXFileReference; explicitFileType = archive.ar; includeInIndex = 0; path = "libPods-AsyncDisplayKitCollectionView.a"; sourceTree = BUILT_PRODUCTS_DIR; };
		BC2C2FF2494A047E305ADA01 /* Pods-AsyncDisplayKitCollectionViewTests.debug.xcconfig */ = {isa = PBXFileReference; includeInIndex = 1; lastKnownFileType = text.xcconfig; name = "Pods-AsyncDisplayKitCollectionViewTests.debug.xcconfig"; path = "Pods/Target Support Files/Pods-AsyncDisplayKitCollectionViewTests/Pods-AsyncDisplayKitCollectionViewTests.debug.xcconfig"; sourceTree = "<group>"; };
		BC63234751BCAA6A07E881CD /* libPods-AsyncDisplayKitCollectionViewUITests.a */ = {isa = PBXFileReference; explicitFileType = archive.ar; includeInIndex = 0; path = "libPods-AsyncDisplayKitCollectionViewUITests.a"; sourceTree = BUILT_PRODUCTS_DIR; };
		BD93B730B9FFA474E817DE92 /* libPods-AsyncDisplayKitCollectionViewTests.a */ = {isa = PBXFileReference; explicitFileType = archive.ar; includeInIndex = 0; path = "libPods-AsyncDisplayKitCollectionViewTests.a"; sourceTree = BUILT_PRODUCTS_DIR; };
		C619D29E4514030EC66372C9 /* Pods-AsyncDisplayKitCollectionViewUITests.debug.xcconfig */ = {isa = PBXFileReference; includeInIndex = 1; lastKnownFileType = text.xcconfig; name = "Pods-AsyncDisplayKitCollectionViewUITests.debug.xcconfig"; path = "Pods/Target Support Files/Pods-AsyncDisplayKitCollectionViewUITests/Pods-AsyncDisplayKitCollectionViewUITests.debug.xcconfig"; sourceTree = "<group>"; };
		CFECDF04856DB9CBB3AEF7A2 /* Pods-AsyncDisplayKitCollectionView.debug.xcconfig */ = {isa = PBXFileReference; includeInIndex = 1; lastKnownFileType = text.xcconfig; name = "Pods-AsyncDisplayKitCollectionView.debug.xcconfig"; path = "Pods/Target Support Files/Pods-AsyncDisplayKitCollectionView/Pods-AsyncDisplayKitCollectionView.debug.xcconfig"; sourceTree = "<group>"; };
		DC23CF911E6E8674002D5B21 /* AsyncDisplayKitCollectionView.app */ = {isa = PBXFileReference; explicitFileType = wrapper.application; includeInIndex = 0; path = AsyncDisplayKitCollectionView.app; sourceTree = BUILT_PRODUCTS_DIR; };
		DC23CF951E6E8674002D5B21 /* main.m */ = {isa = PBXFileReference; lastKnownFileType = sourcecode.c.objc; path = main.m; sourceTree = "<group>"; };
		DC23CF971E6E8674002D5B21 /* AppDelegate.h */ = {isa = PBXFileReference; lastKnownFileType = sourcecode.c.h; path = AppDelegate.h; sourceTree = "<group>"; };
		DC23CF981E6E8674002D5B21 /* AppDelegate.m */ = {isa = PBXFileReference; lastKnownFileType = sourcecode.c.objc; path = AppDelegate.m; sourceTree = "<group>"; };
		DC23CF9E1E6E8674002D5B21 /* Base */ = {isa = PBXFileReference; lastKnownFileType = file.storyboard; name = Base; path = Base.lproj/Main.storyboard; sourceTree = "<group>"; };
		DC23CFA01E6E8674002D5B21 /* Assets.xcassets */ = {isa = PBXFileReference; lastKnownFileType = folder.assetcatalog; path = Assets.xcassets; sourceTree = "<group>"; };
		DC23CFA31E6E8674002D5B21 /* Base */ = {isa = PBXFileReference; lastKnownFileType = file.storyboard; name = Base; path = Base.lproj/LaunchScreen.storyboard; sourceTree = "<group>"; };
		DC23CFA51E6E8674002D5B21 /* Info.plist */ = {isa = PBXFileReference; lastKnownFileType = text.plist.xml; path = Info.plist; sourceTree = "<group>"; };
		DC23CFAA1E6E8675002D5B21 /* AsyncDisplayKitCollectionViewTests.xctest */ = {isa = PBXFileReference; explicitFileType = wrapper.cfbundle; includeInIndex = 0; path = AsyncDisplayKitCollectionViewTests.xctest; sourceTree = BUILT_PRODUCTS_DIR; };
		DC23CFAE1E6E8675002D5B21 /* AsyncDisplayKitCollectionViewTests.m */ = {isa = PBXFileReference; lastKnownFileType = sourcecode.c.objc; path = AsyncDisplayKitCollectionViewTests.m; sourceTree = "<group>"; };
		DC23CFB01E6E8675002D5B21 /* Info.plist */ = {isa = PBXFileReference; lastKnownFileType = text.plist.xml; path = Info.plist; sourceTree = "<group>"; };
		DC23CFB51E6E8675002D5B21 /* AsyncDisplayKitCollectionViewUITests.xctest */ = {isa = PBXFileReference; explicitFileType = wrapper.cfbundle; includeInIndex = 0; path = AsyncDisplayKitCollectionViewUITests.xctest; sourceTree = BUILT_PRODUCTS_DIR; };
		DC23CFB91E6E8675002D5B21 /* AsyncDisplayKitCollectionViewUITests.m */ = {isa = PBXFileReference; lastKnownFileType = sourcecode.c.objc; path = AsyncDisplayKitCollectionViewUITests.m; sourceTree = "<group>"; };
		DC23CFBB1E6E8675002D5B21 /* Info.plist */ = {isa = PBXFileReference; lastKnownFileType = text.plist.xml; path = Info.plist; sourceTree = "<group>"; };
		DC23CFD91E6EC2E2002D5B21 /* CustomCollectionViewCell.h */ = {isa = PBXFileReference; fileEncoding = 4; lastKnownFileType = sourcecode.c.h; path = CustomCollectionViewCell.h; sourceTree = "<group>"; };
		DC23CFDA1E6EC2E2002D5B21 /* CustomCollectionViewCell.m */ = {isa = PBXFileReference; fileEncoding = 4; lastKnownFileType = sourcecode.c.objc; path = CustomCollectionViewCell.m; sourceTree = "<group>"; };
		DC23CFDB1E6EC2E2002D5B21 /* HeaderFooterCollectionReusableView.h */ = {isa = PBXFileReference; fileEncoding = 4; lastKnownFileType = sourcecode.c.h; path = HeaderFooterCollectionReusableView.h; sourceTree = "<group>"; };
		DC23CFDC1E6EC2E2002D5B21 /* HeaderFooterCollectionReusableView.m */ = {isa = PBXFileReference; fileEncoding = 4; lastKnownFileType = sourcecode.c.objc; path = HeaderFooterCollectionReusableView.m; sourceTree = "<group>"; };
		DC23CFDD1E6EC2E2002D5B21 /* NativeViewController.h */ = {isa = PBXFileReference; fileEncoding = 4; lastKnownFileType = sourcecode.c.h; path = NativeViewController.h; sourceTree = "<group>"; };
		DC23CFDE1E6EC2E2002D5B21 /* NativeViewController.m */ = {isa = PBXFileReference; fileEncoding = 4; lastKnownFileType = sourcecode.c.objc; path = NativeViewController.m; sourceTree = "<group>"; };
		DC9E7AB41E6FCE9B00D20CC8 /* CustomCollectionViewFlowLayout.h */ = {isa = PBXFileReference; fileEncoding = 4; lastKnownFileType = sourcecode.c.h; path = CustomCollectionViewFlowLayout.h; sourceTree = "<group>"; };
		DC9E7AB51E6FCE9B00D20CC8 /* CustomCollectionViewFlowLayout.m */ = {isa = PBXFileReference; fileEncoding = 4; lastKnownFileType = sourcecode.c.objc; path = CustomCollectionViewFlowLayout.m; sourceTree = "<group>"; };
		DC9E7ABC1E6FF87D00D20CC8 /* GIFNetworkImageNodeViewController.h */ = {isa = PBXFileReference; fileEncoding = 4; lastKnownFileType = sourcecode.c.h; path = GIFNetworkImageNodeViewController.h; sourceTree = "<group>"; };
		DC9E7ABD1E6FF87D00D20CC8 /* GIFNetworkImageNodeViewController.m */ = {isa = PBXFileReference; fileEncoding = 4; lastKnownFileType = sourcecode.c.objc; path = GIFNetworkImageNodeViewController.m; sourceTree = "<group>"; };
		DC9E7ACF1E70159200D20CC8 /* WindowWithStatusBarUnderlay.h */ = {isa = PBXFileReference; fileEncoding = 4; lastKnownFileType = sourcecode.c.h; path = WindowWithStatusBarUnderlay.h; sourceTree = "<group>"; };
		DC9E7AD01E70159200D20CC8 /* WindowWithStatusBarUnderlay.m */ = {isa = PBXFileReference; fileEncoding = 4; lastKnownFileType = sourcecode.c.objc; path = WindowWithStatusBarUnderlay.m; sourceTree = "<group>"; };
		DC9E7AD21E7015BE00D20CC8 /* Utilities.h */ = {isa = PBXFileReference; fileEncoding = 4; lastKnownFileType = sourcecode.c.h; path = Utilities.h; sourceTree = "<group>"; };
		DC9E7AD31E7015BE00D20CC8 /* Utilities.m */ = {isa = PBXFileReference; fileEncoding = 4; lastKnownFileType = sourcecode.c.objc; path = Utilities.m; sourceTree = "<group>"; };
		DCC96F371E6F986E0099B692 /* ItemNode.h */ = {isa = PBXFileReference; fileEncoding = 4; lastKnownFileType = sourcecode.c.h; path = ItemNode.h; sourceTree = "<group>"; };
		DCC96F381E6F986E0099B692 /* SupplementaryNode.h */ = {isa = PBXFileReference; fileEncoding = 4; lastKnownFileType = sourcecode.c.h; path = SupplementaryNode.h; sourceTree = "<group>"; };
		DCC96F391E6F986E0099B692 /* ItemNode.m */ = {isa = PBXFileReference; fileEncoding = 4; lastKnownFileType = sourcecode.c.objc; path = ItemNode.m; sourceTree = "<group>"; };
		DCC96F3A1E6F986E0099B692 /* SupplementaryNode.m */ = {isa = PBXFileReference; fileEncoding = 4; lastKnownFileType = sourcecode.c.objc; path = SupplementaryNode.m; sourceTree = "<group>"; };
		DCC96F3B1E6F986E0099B692 /* ViewController.h */ = {isa = PBXFileReference; fileEncoding = 4; lastKnownFileType = sourcecode.c.h; path = ViewController.h; sourceTree = "<group>"; };
		DCC96F3C1E6F986E0099B692 /* ViewController.m */ = {isa = PBXFileReference; fileEncoding = 4; lastKnownFileType = sourcecode.c.objc; path = ViewController.m; sourceTree = "<group>"; };
		DCE38B9D1E7119DC00CDE3CE /* PhotoFeedModel.h */ = {isa = PBXFileReference; fileEncoding = 4; lastKnownFileType = sourcecode.c.h; path = PhotoFeedModel.h; sourceTree = "<group>"; };
		DCE38B9E1E7119DC00CDE3CE /* PhotoFeedModel.m */ = {isa = PBXFileReference; fileEncoding = 4; lastKnownFileType = sourcecode.c.objc; path = PhotoFeedModel.m; sourceTree = "<group>"; };
		DCE38BA11E711C2C00CDE3CE /* PhotoFeedBaseController.h */ = {isa = PBXFileReference; fileEncoding = 4; lastKnownFileType = sourcecode.c.h; path = PhotoFeedBaseController.h; sourceTree = "<group>"; };
		DCE38BA21E711C2C00CDE3CE /* PhotoFeedBaseController.m */ = {isa = PBXFileReference; fileEncoding = 4; lastKnownFileType = sourcecode.c.objc; path = PhotoFeedBaseController.m; sourceTree = "<group>"; };
		DCE38BA31E711C2C00CDE3CE /* PhotoFeedListKitViewController.h */ = {isa = PBXFileReference; fileEncoding = 4; lastKnownFileType = sourcecode.c.h; path = PhotoFeedListKitViewController.h; sourceTree = "<group>"; };
		DCE38BA41E711C2C00CDE3CE /* PhotoFeedListKitViewController.m */ = {isa = PBXFileReference; fileEncoding = 4; lastKnownFileType = sourcecode.c.objc; path = PhotoFeedListKitViewController.m; sourceTree = "<group>"; };
		DCE38BA51E711C2C00CDE3CE /* PhotoFeedNodeController.h */ = {isa = PBXFileReference; fileEncoding = 4; lastKnownFileType = sourcecode.c.h; path = PhotoFeedNodeController.h; sourceTree = "<group>"; };
		DCE38BA61E711C2C00CDE3CE /* PhotoFeedNodeController.m */ = {isa = PBXFileReference; fileEncoding = 4; lastKnownFileType = sourcecode.c.objc; path = PhotoFeedNodeController.m; sourceTree = "<group>"; };
		DCE38BA71E711C2C00CDE3CE /* PhotoFeedViewController.h */ = {isa = PBXFileReference; fileEncoding = 4; lastKnownFileType = sourcecode.c.h; path = PhotoFeedViewController.h; sourceTree = "<group>"; };
		DCE38BA81E711C2C00CDE3CE /* PhotoFeedViewController.m */ = {isa = PBXFileReference; fileEncoding = 4; lastKnownFileType = sourcecode.c.objc; path = PhotoFeedViewController.m; sourceTree = "<group>"; };
		E0A5F399A8E37E7E7DCF7ACA /* Pods-AsyncDisplayKitCollectionViewUITests.release.xcconfig */ = {isa = PBXFileReference; includeInIndex = 1; lastKnownFileType = text.xcconfig; name = "Pods-AsyncDisplayKitCollectionViewUITests.release.xcconfig"; path = "Pods/Target Support Files/Pods-AsyncDisplayKitCollectionViewUITests/Pods-AsyncDisplayKitCollectionViewUITests.release.xcconfig"; sourceTree = "<group>"; };
/* End PBXFileReference section */

/* Begin PBXFrameworksBuildPhase section */
		DC23CF8E1E6E8674002D5B21 /* Frameworks */ = {
			isa = PBXFrameworksBuildPhase;
			buildActionMask = 2147483647;
			files = (
				563A5DABDC2041E7E8075DE2 /* libPods-AsyncDisplayKitCollectionView.a in Frameworks */,
			);
			runOnlyForDeploymentPostprocessing = 0;
		};
		DC23CFA71E6E8675002D5B21 /* Frameworks */ = {
			isa = PBXFrameworksBuildPhase;
			buildActionMask = 2147483647;
			files = (
				008E39AA873B21430E1C6DB1 /* libPods-AsyncDisplayKitCollectionViewTests.a in Frameworks */,
			);
			runOnlyForDeploymentPostprocessing = 0;
		};
		DC23CFB21E6E8675002D5B21 /* Frameworks */ = {
			isa = PBXFrameworksBuildPhase;
			buildActionMask = 2147483647;
			files = (
				24F869F81FE18C1E16B5D241 /* libPods-AsyncDisplayKitCollectionViewUITests.a in Frameworks */,
			);
			runOnlyForDeploymentPostprocessing = 0;
		};
/* End PBXFrameworksBuildPhase section */

/* Begin PBXGroup section */
		DC23CF881E6E8674002D5B21 = {
			isa = PBXGroup;
			children = (
				DC23CF931E6E8674002D5B21 /* AsyncDisplayKitCollectionView */,
				DC23CFAD1E6E8675002D5B21 /* AsyncDisplayKitCollectionViewTests */,
				DC23CFB81E6E8675002D5B21 /* AsyncDisplayKitCollectionViewUITests */,
				DC23CF921E6E8674002D5B21 /* Products */,
				F390C395762C2A46BDA9553A /* Pods */,
				E3713D56B179A575DF3DF74B /* Frameworks */,
			);
			sourceTree = "<group>";
		};
		DC23CF921E6E8674002D5B21 /* Products */ = {
			isa = PBXGroup;
			children = (
				DC23CF911E6E8674002D5B21 /* AsyncDisplayKitCollectionView.app */,
				DC23CFAA1E6E8675002D5B21 /* AsyncDisplayKitCollectionViewTests.xctest */,
				DC23CFB51E6E8675002D5B21 /* AsyncDisplayKitCollectionViewUITests.xctest */,
			);
			name = Products;
			sourceTree = "<group>";
		};
		DC23CF931E6E8674002D5B21 /* AsyncDisplayKitCollectionView */ = {
			isa = PBXGroup;
			children = (
				DC9E7ABF1E70133F00D20CC8 /* ASTableNodeTabBar */,
				DC9E7AB81E6FF7ED00D20CC8 /* ASNetworkImageNode */,
				DC23CFE21E6EC332002D5B21 /* ASCollectionNode */,
				DC23CFD81E6EC2E2002D5B21 /* UICollectionView */,
				DC23CF971E6E8674002D5B21 /* AppDelegate.h */,
				DC23CF981E6E8674002D5B21 /* AppDelegate.m */,
				DC23CF9D1E6E8674002D5B21 /* Main.storyboard */,
				DC23CFA01E6E8674002D5B21 /* Assets.xcassets */,
				DC23CFA21E6E8674002D5B21 /* LaunchScreen.storyboard */,
				DC23CFA51E6E8674002D5B21 /* Info.plist */,
				DC23CF941E6E8674002D5B21 /* Supporting Files */,
			);
			path = AsyncDisplayKitCollectionView;
			sourceTree = "<group>";
		};
		DC23CF941E6E8674002D5B21 /* Supporting Files */ = {
			isa = PBXGroup;
			children = (
				DC23CF951E6E8674002D5B21 /* main.m */,
			);
			name = "Supporting Files";
			sourceTree = "<group>";
		};
		DC23CFAD1E6E8675002D5B21 /* AsyncDisplayKitCollectionViewTests */ = {
			isa = PBXGroup;
			children = (
				DC23CFAE1E6E8675002D5B21 /* AsyncDisplayKitCollectionViewTests.m */,
				DC23CFB01E6E8675002D5B21 /* Info.plist */,
			);
			path = AsyncDisplayKitCollectionViewTests;
			sourceTree = "<group>";
		};
		DC23CFB81E6E8675002D5B21 /* AsyncDisplayKitCollectionViewUITests */ = {
			isa = PBXGroup;
			children = (
				DC23CFB91E6E8675002D5B21 /* AsyncDisplayKitCollectionViewUITests.m */,
				DC23CFBB1E6E8675002D5B21 /* Info.plist */,
			);
			path = AsyncDisplayKitCollectionViewUITests;
			sourceTree = "<group>";
		};
		DC23CFD81E6EC2E2002D5B21 /* UICollectionView */ = {
			isa = PBXGroup;
			children = (
				DC23CFD91E6EC2E2002D5B21 /* CustomCollectionViewCell.h */,
				DC23CFDA1E6EC2E2002D5B21 /* CustomCollectionViewCell.m */,
				DC23CFDB1E6EC2E2002D5B21 /* HeaderFooterCollectionReusableView.h */,
				DC23CFDC1E6EC2E2002D5B21 /* HeaderFooterCollectionReusableView.m */,
				DC23CFDD1E6EC2E2002D5B21 /* NativeViewController.h */,
				DC23CFDE1E6EC2E2002D5B21 /* NativeViewController.m */,
				DC9E7AB41E6FCE9B00D20CC8 /* CustomCollectionViewFlowLayout.h */,
				DC9E7AB51E6FCE9B00D20CC8 /* CustomCollectionViewFlowLayout.m */,
			);
			path = UICollectionView;
			sourceTree = "<group>";
		};
		DC23CFE21E6EC332002D5B21 /* ASCollectionNode */ = {
			isa = PBXGroup;
			children = (
				DCC96F371E6F986E0099B692 /* ItemNode.h */,
				DCC96F391E6F986E0099B692 /* ItemNode.m */,
				DCC96F381E6F986E0099B692 /* SupplementaryNode.h */,
				DCC96F3A1E6F986E0099B692 /* SupplementaryNode.m */,
				DCC96F3B1E6F986E0099B692 /* ViewController.h */,
				DCC96F3C1E6F986E0099B692 /* ViewController.m */,
			);
			path = ASCollectionNode;
			sourceTree = "<group>";
		};
		DC9E7AB81E6FF7ED00D20CC8 /* ASNetworkImageNode */ = {
			isa = PBXGroup;
			children = (
				DC9E7ABC1E6FF87D00D20CC8 /* GIFNetworkImageNodeViewController.h */,
				DC9E7ABD1E6FF87D00D20CC8 /* GIFNetworkImageNodeViewController.m */,
			);
			path = ASNetworkImageNode;
			sourceTree = "<group>";
		};
		DC9E7ABF1E70133F00D20CC8 /* ASTableNodeTabBar */ = {
			isa = PBXGroup;
			children = (
				DCE38BA01E711C2C00CDE3CE /* Controller */,
				DCE38B9C1E7119C100CDE3CE /* Model */,
				DC9E7ACF1E70159200D20CC8 /* WindowWithStatusBarUnderlay.h */,
				DC9E7AD01E70159200D20CC8 /* WindowWithStatusBarUnderlay.m */,
				DC9E7AD21E7015BE00D20CC8 /* Utilities.h */,
				DC9E7AD31E7015BE00D20CC8 /* Utilities.m */,
			);
			path = ASTableNodeTabBar;
			sourceTree = "<group>";
		};
		DCE38B9C1E7119C100CDE3CE /* Model */ = {
			isa = PBXGroup;
			children = (
				DCE38B9D1E7119DC00CDE3CE /* PhotoFeedModel.h */,
				DCE38B9E1E7119DC00CDE3CE /* PhotoFeedModel.m */,
			);
			path = Model;
			sourceTree = "<group>";
		};
		DCE38BA01E711C2C00CDE3CE /* Controller */ = {
			isa = PBXGroup;
			children = (
				DCE38BA11E711C2C00CDE3CE /* PhotoFeedBaseController.h */,
				DCE38BA21E711C2C00CDE3CE /* PhotoFeedBaseController.m */,
				DCE38BA31E711C2C00CDE3CE /* PhotoFeedListKitViewController.h */,
				DCE38BA41E711C2C00CDE3CE /* PhotoFeedListKitViewController.m */,
				DCE38BA51E711C2C00CDE3CE /* PhotoFeedNodeController.h */,
				DCE38BA61E711C2C00CDE3CE /* PhotoFeedNodeController.m */,
				DCE38BA71E711C2C00CDE3CE /* PhotoFeedViewController.h */,
				DCE38BA81E711C2C00CDE3CE /* PhotoFeedViewController.m */,
			);
			path = Controller;
			sourceTree = "<group>";
		};
		E3713D56B179A575DF3DF74B /* Frameworks */ = {
			isa = PBXGroup;
			children = (
				817F56244BE5873F0A48AB31 /* libPods-AsyncDisplayKitCollectionView.a */,
				BD93B730B9FFA474E817DE92 /* libPods-AsyncDisplayKitCollectionViewTests.a */,
				BC63234751BCAA6A07E881CD /* libPods-AsyncDisplayKitCollectionViewUITests.a */,
			);
			name = Frameworks;
			sourceTree = "<group>";
		};
		F390C395762C2A46BDA9553A /* Pods */ = {
			isa = PBXGroup;
			children = (
				CFECDF04856DB9CBB3AEF7A2 /* Pods-AsyncDisplayKitCollectionView.debug.xcconfig */,
				479DC48D91B74F5C7B36F324 /* Pods-AsyncDisplayKitCollectionView.release.xcconfig */,
				BC2C2FF2494A047E305ADA01 /* Pods-AsyncDisplayKitCollectionViewTests.debug.xcconfig */,
				3A84B6EA8C5F8626B4CAB1D1 /* Pods-AsyncDisplayKitCollectionViewTests.release.xcconfig */,
				C619D29E4514030EC66372C9 /* Pods-AsyncDisplayKitCollectionViewUITests.debug.xcconfig */,
				E0A5F399A8E37E7E7DCF7ACA /* Pods-AsyncDisplayKitCollectionViewUITests.release.xcconfig */,
			);
			name = Pods;
			sourceTree = "<group>";
		};
/* End PBXGroup section */

/* Begin PBXNativeTarget section */
		DC23CF901E6E8674002D5B21 /* AsyncDisplayKitCollectionView */ = {
			isa = PBXNativeTarget;
			buildConfigurationList = DC23CFBE1E6E8675002D5B21 /* Build configuration list for PBXNativeTarget "AsyncDisplayKitCollectionView" */;
			buildPhases = (
				F249935F2B413FA8502CFD56 /* [CP] Check Pods Manifest.lock */,
				DC23CF8D1E6E8674002D5B21 /* Sources */,
				DC23CF8E1E6E8674002D5B21 /* Frameworks */,
				DC23CF8F1E6E8674002D5B21 /* Resources */,
				CF63E0EA1DB49027CB93ADBD /* [CP] Embed Pods Frameworks */,
				E963E21928B9EAC31E8991F2 /* [CP] Copy Pods Resources */,
			);
			buildRules = (
			);
			dependencies = (
			);
			name = AsyncDisplayKitCollectionView;
			productName = AsyncDisplayKitCollectionView;
			productReference = DC23CF911E6E8674002D5B21 /* AsyncDisplayKitCollectionView.app */;
			productType = "com.apple.product-type.application";
		};
		DC23CFA91E6E8675002D5B21 /* AsyncDisplayKitCollectionViewTests */ = {
			isa = PBXNativeTarget;
			buildConfigurationList = DC23CFC11E6E8675002D5B21 /* Build configuration list for PBXNativeTarget "AsyncDisplayKitCollectionViewTests" */;
			buildPhases = (
				D16EEA5137EFC38DC3FBDE19 /* [CP] Check Pods Manifest.lock */,
				DC23CFA61E6E8675002D5B21 /* Sources */,
				DC23CFA71E6E8675002D5B21 /* Frameworks */,
				DC23CFA81E6E8675002D5B21 /* Resources */,
				2596F45C9939D9AE8A9A9B38 /* [CP] Embed Pods Frameworks */,
				70A70CDA0401ABA953539D15 /* [CP] Copy Pods Resources */,
			);
			buildRules = (
			);
			dependencies = (
				DC23CFAC1E6E8675002D5B21 /* PBXTargetDependency */,
			);
			name = AsyncDisplayKitCollectionViewTests;
			productName = AsyncDisplayKitCollectionViewTests;
			productReference = DC23CFAA1E6E8675002D5B21 /* AsyncDisplayKitCollectionViewTests.xctest */;
			productType = "com.apple.product-type.bundle.unit-test";
		};
		DC23CFB41E6E8675002D5B21 /* AsyncDisplayKitCollectionViewUITests */ = {
			isa = PBXNativeTarget;
			buildConfigurationList = DC23CFC41E6E8675002D5B21 /* Build configuration list for PBXNativeTarget "AsyncDisplayKitCollectionViewUITests" */;
			buildPhases = (
				DF403E8FA01E374696D6C50A /* [CP] Check Pods Manifest.lock */,
				DC23CFB11E6E8675002D5B21 /* Sources */,
				DC23CFB21E6E8675002D5B21 /* Frameworks */,
				DC23CFB31E6E8675002D5B21 /* Resources */,
				5A9D935DB9F7CA2B8833E3A3 /* [CP] Embed Pods Frameworks */,
				6FA9775C9A47DF5D0BD95170 /* [CP] Copy Pods Resources */,
			);
			buildRules = (
			);
			dependencies = (
				DC23CFB71E6E8675002D5B21 /* PBXTargetDependency */,
			);
			name = AsyncDisplayKitCollectionViewUITests;
			productName = AsyncDisplayKitCollectionViewUITests;
			productReference = DC23CFB51E6E8675002D5B21 /* AsyncDisplayKitCollectionViewUITests.xctest */;
			productType = "com.apple.product-type.bundle.ui-testing";
		};
/* End PBXNativeTarget section */

/* Begin PBXProject section */
		DC23CF891E6E8674002D5B21 /* Project object */ = {
			isa = PBXProject;
			attributes = {
				LastUpgradeCheck = 0800;
				ORGANIZATIONNAME = Fang;
				TargetAttributes = {
					DC23CF901E6E8674002D5B21 = {
						CreatedOnToolsVersion = 8.0;
						DevelopmentTeam = UUHH4G6PDA;
						ProvisioningStyle = Automatic;
					};
					DC23CFA91E6E8675002D5B21 = {
						CreatedOnToolsVersion = 8.0;
						DevelopmentTeam = UUHH4G6PDA;
						ProvisioningStyle = Automatic;
						TestTargetID = DC23CF901E6E8674002D5B21;
					};
					DC23CFB41E6E8675002D5B21 = {
						CreatedOnToolsVersion = 8.0;
						DevelopmentTeam = UUHH4G6PDA;
						ProvisioningStyle = Automatic;
						TestTargetID = DC23CF901E6E8674002D5B21;
					};
				};
			};
			buildConfigurationList = DC23CF8C1E6E8674002D5B21 /* Build configuration list for PBXProject "AsyncDisplayKitCollectionView" */;
			compatibilityVersion = "Xcode 3.2";
			developmentRegion = English;
			hasScannedForEncodings = 0;
			knownRegions = (
				en,
				Base,
			);
			mainGroup = DC23CF881E6E8674002D5B21;
			productRefGroup = DC23CF921E6E8674002D5B21 /* Products */;
			projectDirPath = "";
			projectRoot = "";
			targets = (
				DC23CF901E6E8674002D5B21 /* AsyncDisplayKitCollectionView */,
				DC23CFA91E6E8675002D5B21 /* AsyncDisplayKitCollectionViewTests */,
				DC23CFB41E6E8675002D5B21 /* AsyncDisplayKitCollectionViewUITests */,
			);
		};
/* End PBXProject section */

/* Begin PBXResourcesBuildPhase section */
		DC23CF8F1E6E8674002D5B21 /* Resources */ = {
			isa = PBXResourcesBuildPhase;
			buildActionMask = 2147483647;
			files = (
				DC23CFA41E6E8674002D5B21 /* LaunchScreen.storyboard in Resources */,
				DC23CFA11E6E8674002D5B21 /* Assets.xcassets in Resources */,
				DC23CF9F1E6E8674002D5B21 /* Main.storyboard in Resources */,
			);
			runOnlyForDeploymentPostprocessing = 0;
		};
		DC23CFA81E6E8675002D5B21 /* Resources */ = {
			isa = PBXResourcesBuildPhase;
			buildActionMask = 2147483647;
			files = (
			);
			runOnlyForDeploymentPostprocessing = 0;
		};
		DC23CFB31E6E8675002D5B21 /* Resources */ = {
			isa = PBXResourcesBuildPhase;
			buildActionMask = 2147483647;
			files = (
			);
			runOnlyForDeploymentPostprocessing = 0;
		};
/* End PBXResourcesBuildPhase section */

/* Begin PBXShellScriptBuildPhase section */
		2596F45C9939D9AE8A9A9B38 /* [CP] Embed Pods Frameworks */ = {
			isa = PBXShellScriptBuildPhase;
			buildActionMask = 2147483647;
			files = (
			);
			inputPaths = (
			);
			name = "[CP] Embed Pods Frameworks";
			outputPaths = (
			);
			runOnlyForDeploymentPostprocessing = 0;
			shellPath = /bin/sh;
			shellScript = "\"${SRCROOT}/Pods/Target Support Files/Pods-AsyncDisplayKitCollectionViewTests/Pods-AsyncDisplayKitCollectionViewTests-frameworks.sh\"\n";
			showEnvVarsInLog = 0;
		};
		5A9D935DB9F7CA2B8833E3A3 /* [CP] Embed Pods Frameworks */ = {
			isa = PBXShellScriptBuildPhase;
			buildActionMask = 2147483647;
			files = (
			);
			inputPaths = (
			);
			name = "[CP] Embed Pods Frameworks";
			outputPaths = (
			);
			runOnlyForDeploymentPostprocessing = 0;
			shellPath = /bin/sh;
			shellScript = "\"${SRCROOT}/Pods/Target Support Files/Pods-AsyncDisplayKitCollectionViewUITests/Pods-AsyncDisplayKitCollectionViewUITests-frameworks.sh\"\n";
			showEnvVarsInLog = 0;
		};
		6FA9775C9A47DF5D0BD95170 /* [CP] Copy Pods Resources */ = {
			isa = PBXShellScriptBuildPhase;
			buildActionMask = 2147483647;
			files = (
			);
			inputPaths = (
			);
			name = "[CP] Copy Pods Resources";
			outputPaths = (
			);
			runOnlyForDeploymentPostprocessing = 0;
			shellPath = /bin/sh;
			shellScript = "\"${SRCROOT}/Pods/Target Support Files/Pods-AsyncDisplayKitCollectionViewUITests/Pods-AsyncDisplayKitCollectionViewUITests-resources.sh\"\n";
			showEnvVarsInLog = 0;
		};
		70A70CDA0401ABA953539D15 /* [CP] Copy Pods Resources */ = {
			isa = PBXShellScriptBuildPhase;
			buildActionMask = 2147483647;
			files = (
			);
			inputPaths = (
			);
			name = "[CP] Copy Pods Resources";
			outputPaths = (
			);
			runOnlyForDeploymentPostprocessing = 0;
			shellPath = /bin/sh;
			shellScript = "\"${SRCROOT}/Pods/Target Support Files/Pods-AsyncDisplayKitCollectionViewTests/Pods-AsyncDisplayKitCollectionViewTests-resources.sh\"\n";
			showEnvVarsInLog = 0;
		};
		CF63E0EA1DB49027CB93ADBD /* [CP] Embed Pods Frameworks */ = {
			isa = PBXShellScriptBuildPhase;
			buildActionMask = 2147483647;
			files = (
			);
			inputPaths = (
			);
			name = "[CP] Embed Pods Frameworks";
			outputPaths = (
			);
			runOnlyForDeploymentPostprocessing = 0;
			shellPath = /bin/sh;
			shellScript = "\"${SRCROOT}/Pods/Target Support Files/Pods-AsyncDisplayKitCollectionView/Pods-AsyncDisplayKitCollectionView-frameworks.sh\"\n";
			showEnvVarsInLog = 0;
		};
		D16EEA5137EFC38DC3FBDE19 /* [CP] Check Pods Manifest.lock */ = {
			isa = PBXShellScriptBuildPhase;
			buildActionMask = 2147483647;
			files = (
			);
			inputPaths = (
			);
			name = "[CP] Check Pods Manifest.lock";
			outputPaths = (
			);
			runOnlyForDeploymentPostprocessing = 0;
			shellPath = /bin/sh;
			shellScript = "diff \"${PODS_ROOT}/../Podfile.lock\" \"${PODS_ROOT}/Manifest.lock\" > /dev/null\nif [ $? != 0 ] ; then\n    # print error to STDERR\n    echo \"error: The sandbox is not in sync with the Podfile.lock. Run 'pod install' or update your CocoaPods installation.\" >&2\n    exit 1\nfi\n";
			showEnvVarsInLog = 0;
		};
		DF403E8FA01E374696D6C50A /* [CP] Check Pods Manifest.lock */ = {
			isa = PBXShellScriptBuildPhase;
			buildActionMask = 2147483647;
			files = (
			);
			inputPaths = (
			);
			name = "[CP] Check Pods Manifest.lock";
			outputPaths = (
			);
			runOnlyForDeploymentPostprocessing = 0;
			shellPath = /bin/sh;
			shellScript = "diff \"${PODS_ROOT}/../Podfile.lock\" \"${PODS_ROOT}/Manifest.lock\" > /dev/null\nif [ $? != 0 ] ; then\n    # print error to STDERR\n    echo \"error: The sandbox is not in sync with the Podfile.lock. Run 'pod install' or update your CocoaPods installation.\" >&2\n    exit 1\nfi\n";
			showEnvVarsInLog = 0;
		};
		E963E21928B9EAC31E8991F2 /* [CP] Copy Pods Resources */ = {
			isa = PBXShellScriptBuildPhase;
			buildActionMask = 2147483647;
			files = (
			);
			inputPaths = (
			);
			name = "[CP] Copy Pods Resources";
			outputPaths = (
			);
			runOnlyForDeploymentPostprocessing = 0;
			shellPath = /bin/sh;
			shellScript = "\"${SRCROOT}/Pods/Target Support Files/Pods-AsyncDisplayKitCollectionView/Pods-AsyncDisplayKitCollectionView-resources.sh\"\n";
			showEnvVarsInLog = 0;
		};
		F249935F2B413FA8502CFD56 /* [CP] Check Pods Manifest.lock */ = {
			isa = PBXShellScriptBuildPhase;
			buildActionMask = 2147483647;
			files = (
			);
			inputPaths = (
			);
			name = "[CP] Check Pods Manifest.lock";
			outputPaths = (
			);
			runOnlyForDeploymentPostprocessing = 0;
			shellPath = /bin/sh;
			shellScript = "diff \"${PODS_ROOT}/../Podfile.lock\" \"${PODS_ROOT}/Manifest.lock\" > /dev/null\nif [ $? != 0 ] ; then\n    # print error to STDERR\n    echo \"error: The sandbox is not in sync with the Podfile.lock. Run 'pod install' or update your CocoaPods installation.\" >&2\n    exit 1\nfi\n";
			showEnvVarsInLog = 0;
		};
/* End PBXShellScriptBuildPhase section */

/* Begin PBXSourcesBuildPhase section */
		DC23CF8D1E6E8674002D5B21 /* Sources */ = {
			isa = PBXSourcesBuildPhase;
			buildActionMask = 2147483647;
			files = (
				DC9E7AD11E70159200D20CC8 /* WindowWithStatusBarUnderlay.m in Sources */,
				DCC96F3D1E6F986E0099B692 /* ItemNode.m in Sources */,
				DC9E7AD41E7015BE00D20CC8 /* Utilities.m in Sources */,
				DCC96F3E1E6F986E0099B692 /* SupplementaryNode.m in Sources */,
				DCC96F3F1E6F986E0099B692 /* ViewController.m in Sources */,
				DC9E7ABE1E6FF87D00D20CC8 /* GIFNetworkImageNodeViewController.m in Sources */,
				DCE38B9F1E7119DC00CDE3CE /* PhotoFeedModel.m in Sources */,
				DC23CFDF1E6EC2E2002D5B21 /* CustomCollectionViewCell.m in Sources */,
				DC9E7AB61E6FCE9B00D20CC8 /* CustomCollectionViewFlowLayout.m in Sources */,
				DC23CFE01E6EC2E2002D5B21 /* HeaderFooterCollectionReusableView.m in Sources */,
				DCE38BAC1E711C2C00CDE3CE /* PhotoFeedViewController.m in Sources */,
				DCE38BAA1E711C2C00CDE3CE /* PhotoFeedListKitViewController.m in Sources */,
				DC23CF991E6E8674002D5B21 /* AppDelegate.m in Sources */,
				DCE38BAB1E711C2C00CDE3CE /* PhotoFeedNodeController.m in Sources */,
				DC23CF961E6E8674002D5B21 /* main.m in Sources */,
				DC23CFE11E6EC2E2002D5B21 /* NativeViewController.m in Sources */,
				DCE38BA91E711C2C00CDE3CE /* PhotoFeedBaseController.m in Sources */,
			);
			runOnlyForDeploymentPostprocessing = 0;
		};
		DC23CFA61E6E8675002D5B21 /* Sources */ = {
			isa = PBXSourcesBuildPhase;
			buildActionMask = 2147483647;
			files = (
				DC23CFAF1E6E8675002D5B21 /* AsyncDisplayKitCollectionViewTests.m in Sources */,
			);
			runOnlyForDeploymentPostprocessing = 0;
		};
		DC23CFB11E6E8675002D5B21 /* Sources */ = {
			isa = PBXSourcesBuildPhase;
			buildActionMask = 2147483647;
			files = (
				DC23CFBA1E6E8675002D5B21 /* AsyncDisplayKitCollectionViewUITests.m in Sources */,
			);
			runOnlyForDeploymentPostprocessing = 0;
		};
/* End PBXSourcesBuildPhase section */

/* Begin PBXTargetDependency section */
		DC23CFAC1E6E8675002D5B21 /* PBXTargetDependency */ = {
			isa = PBXTargetDependency;
			target = DC23CF901E6E8674002D5B21 /* AsyncDisplayKitCollectionView */;
			targetProxy = DC23CFAB1E6E8675002D5B21 /* PBXContainerItemProxy */;
		};
		DC23CFB71E6E8675002D5B21 /* PBXTargetDependency */ = {
			isa = PBXTargetDependency;
			target = DC23CF901E6E8674002D5B21 /* AsyncDisplayKitCollectionView */;
			targetProxy = DC23CFB61E6E8675002D5B21 /* PBXContainerItemProxy */;
		};
/* End PBXTargetDependency section */

/* Begin PBXVariantGroup section */
		DC23CF9D1E6E8674002D5B21 /* Main.storyboard */ = {
			isa = PBXVariantGroup;
			children = (
				DC23CF9E1E6E8674002D5B21 /* Base */,
			);
			name = Main.storyboard;
			sourceTree = "<group>";
		};
		DC23CFA21E6E8674002D5B21 /* LaunchScreen.storyboard */ = {
			isa = PBXVariantGroup;
			children = (
				DC23CFA31E6E8674002D5B21 /* Base */,
			);
			name = LaunchScreen.storyboard;
			sourceTree = "<group>";
		};
/* End PBXVariantGroup section */

/* Begin XCBuildConfiguration section */
		DC23CFBC1E6E8675002D5B21 /* Debug */ = {
			isa = XCBuildConfiguration;
			buildSettings = {
				ALWAYS_SEARCH_USER_PATHS = NO;
				CLANG_ANALYZER_NONNULL = YES;
				CLANG_CXX_LANGUAGE_STANDARD = "gnu++0x";
				CLANG_CXX_LIBRARY = "libc++";
				CLANG_ENABLE_MODULES = YES;
				CLANG_ENABLE_OBJC_ARC = YES;
				CLANG_WARN_BOOL_CONVERSION = YES;
				CLANG_WARN_CONSTANT_CONVERSION = YES;
				CLANG_WARN_DIRECT_OBJC_ISA_USAGE = YES_ERROR;
				CLANG_WARN_DOCUMENTATION_COMMENTS = YES;
				CLANG_WARN_EMPTY_BODY = YES;
				CLANG_WARN_ENUM_CONVERSION = YES;
				CLANG_WARN_INFINITE_RECURSION = YES;
				CLANG_WARN_INT_CONVERSION = YES;
				CLANG_WARN_OBJC_ROOT_CLASS = YES_ERROR;
				CLANG_WARN_SUSPICIOUS_MOVES = YES;
				CLANG_WARN_UNREACHABLE_CODE = YES;
				CLANG_WARN__DUPLICATE_METHOD_MATCH = YES;
				"CODE_SIGN_IDENTITY[sdk=iphoneos*]" = "iPhone Developer";
				COPY_PHASE_STRIP = NO;
				DEBUG_INFORMATION_FORMAT = dwarf;
				ENABLE_STRICT_OBJC_MSGSEND = YES;
				ENABLE_TESTABILITY = YES;
				GCC_C_LANGUAGE_STANDARD = gnu99;
				GCC_DYNAMIC_NO_PIC = NO;
				GCC_NO_COMMON_BLOCKS = YES;
				GCC_OPTIMIZATION_LEVEL = 0;
				GCC_PREPROCESSOR_DEFINITIONS = (
					"DEBUG=1",
					"$(inherited)",
				);
				GCC_WARN_64_TO_32_BIT_CONVERSION = YES;
				GCC_WARN_ABOUT_RETURN_TYPE = YES_ERROR;
				GCC_WARN_UNDECLARED_SELECTOR = YES;
				GCC_WARN_UNINITIALIZED_AUTOS = YES_AGGRESSIVE;
				GCC_WARN_UNUSED_FUNCTION = YES;
				GCC_WARN_UNUSED_VARIABLE = YES;
				IPHONEOS_DEPLOYMENT_TARGET = 10.0;
				MTL_ENABLE_DEBUG_INFO = YES;
				ONLY_ACTIVE_ARCH = YES;
				SDKROOT = iphoneos;
				TARGETED_DEVICE_FAMILY = "1,2";
			};
			name = Debug;
		};
		DC23CFBD1E6E8675002D5B21 /* Release */ = {
			isa = XCBuildConfiguration;
			buildSettings = {
				ALWAYS_SEARCH_USER_PATHS = NO;
				CLANG_ANALYZER_NONNULL = YES;
				CLANG_CXX_LANGUAGE_STANDARD = "gnu++0x";
				CLANG_CXX_LIBRARY = "libc++";
				CLANG_ENABLE_MODULES = YES;
				CLANG_ENABLE_OBJC_ARC = YES;
				CLANG_WARN_BOOL_CONVERSION = YES;
				CLANG_WARN_CONSTANT_CONVERSION = YES;
				CLANG_WARN_DIRECT_OBJC_ISA_USAGE = YES_ERROR;
				CLANG_WARN_DOCUMENTATION_COMMENTS = YES;
				CLANG_WARN_EMPTY_BODY = YES;
				CLANG_WARN_ENUM_CONVERSION = YES;
				CLANG_WARN_INFINITE_RECURSION = YES;
				CLANG_WARN_INT_CONVERSION = YES;
				CLANG_WARN_OBJC_ROOT_CLASS = YES_ERROR;
				CLANG_WARN_SUSPICIOUS_MOVES = YES;
				CLANG_WARN_UNREACHABLE_CODE = YES;
				CLANG_WARN__DUPLICATE_METHOD_MATCH = YES;
				"CODE_SIGN_IDENTITY[sdk=iphoneos*]" = "iPhone Developer";
				COPY_PHASE_STRIP = NO;
				DEBUG_INFORMATION_FORMAT = "dwarf-with-dsym";
				ENABLE_NS_ASSERTIONS = NO;
				ENABLE_STRICT_OBJC_MSGSEND = YES;
				GCC_C_LANGUAGE_STANDARD = gnu99;
				GCC_NO_COMMON_BLOCKS = YES;
				GCC_WARN_64_TO_32_BIT_CONVERSION = YES;
				GCC_WARN_ABOUT_RETURN_TYPE = YES_ERROR;
				GCC_WARN_UNDECLARED_SELECTOR = YES;
				GCC_WARN_UNINITIALIZED_AUTOS = YES_AGGRESSIVE;
				GCC_WARN_UNUSED_FUNCTION = YES;
				GCC_WARN_UNUSED_VARIABLE = YES;
				IPHONEOS_DEPLOYMENT_TARGET = 10.0;
				MTL_ENABLE_DEBUG_INFO = NO;
				SDKROOT = iphoneos;
				TARGETED_DEVICE_FAMILY = "1,2";
				VALIDATE_PRODUCT = YES;
			};
			name = Release;
		};
		DC23CFBF1E6E8675002D5B21 /* Debug */ = {
			isa = XCBuildConfiguration;
			baseConfigurationReference = CFECDF04856DB9CBB3AEF7A2 /* Pods-AsyncDisplayKitCollectionView.debug.xcconfig */;
			buildSettings = {
				ASSETCATALOG_COMPILER_APPICON_NAME = AppIcon;
				DEVELOPMENT_TEAM = UUHH4G6PDA;
				INFOPLIST_FILE = AsyncDisplayKitCollectionView/Info.plist;
				LD_RUNPATH_SEARCH_PATHS = "$(inherited) @executable_path/Frameworks";
				PRODUCT_BUNDLE_IDENTIFIER = com.home.zxb.AsyncDisplayKitCollectionView;
				PRODUCT_NAME = "$(TARGET_NAME)";
			};
			name = Debug;
		};
		DC23CFC01E6E8675002D5B21 /* Release */ = {
			isa = XCBuildConfiguration;
			baseConfigurationReference = 479DC48D91B74F5C7B36F324 /* Pods-AsyncDisplayKitCollectionView.release.xcconfig */;
			buildSettings = {
				ASSETCATALOG_COMPILER_APPICON_NAME = AppIcon;
				DEVELOPMENT_TEAM = UUHH4G6PDA;
				INFOPLIST_FILE = AsyncDisplayKitCollectionView/Info.plist;
				LD_RUNPATH_SEARCH_PATHS = "$(inherited) @executable_path/Frameworks";
				PRODUCT_BUNDLE_IDENTIFIER = com.home.zxb.AsyncDisplayKitCollectionView;
				PRODUCT_NAME = "$(TARGET_NAME)";
			};
			name = Release;
		};
		DC23CFC21E6E8675002D5B21 /* Debug */ = {
			isa = XCBuildConfiguration;
			baseConfigurationReference = BC2C2FF2494A047E305ADA01 /* Pods-AsyncDisplayKitCollectionViewTests.debug.xcconfig */;
			buildSettings = {
				BUNDLE_LOADER = "$(TEST_HOST)";
				DEVELOPMENT_TEAM = UUHH4G6PDA;
				INFOPLIST_FILE = AsyncDisplayKitCollectionViewTests/Info.plist;
				LD_RUNPATH_SEARCH_PATHS = "$(inherited) @executable_path/Frameworks @loader_path/Frameworks";
				PRODUCT_BUNDLE_IDENTIFIER = com.home.zxb.AsyncDisplayKitCollectionViewTests;
				PRODUCT_NAME = "$(TARGET_NAME)";
				TEST_HOST = "$(BUILT_PRODUCTS_DIR)/AsyncDisplayKitCollectionView.app/AsyncDisplayKitCollectionView";
			};
			name = Debug;
		};
		DC23CFC31E6E8675002D5B21 /* Release */ = {
			isa = XCBuildConfiguration;
			baseConfigurationReference = 3A84B6EA8C5F8626B4CAB1D1 /* Pods-AsyncDisplayKitCollectionViewTests.release.xcconfig */;
			buildSettings = {
				BUNDLE_LOADER = "$(TEST_HOST)";
				DEVELOPMENT_TEAM = UUHH4G6PDA;
				INFOPLIST_FILE = AsyncDisplayKitCollectionViewTests/Info.plist;
				LD_RUNPATH_SEARCH_PATHS = "$(inherited) @executable_path/Frameworks @loader_path/Frameworks";
				PRODUCT_BUNDLE_IDENTIFIER = com.home.zxb.AsyncDisplayKitCollectionViewTests;
				PRODUCT_NAME = "$(TARGET_NAME)";
				TEST_HOST = "$(BUILT_PRODUCTS_DIR)/AsyncDisplayKitCollectionView.app/AsyncDisplayKitCollectionView";
			};
			name = Release;
		};
		DC23CFC51E6E8675002D5B21 /* Debug */ = {
			isa = XCBuildConfiguration;
			baseConfigurationReference = C619D29E4514030EC66372C9 /* Pods-AsyncDisplayKitCollectionViewUITests.debug.xcconfig */;
			buildSettings = {
				DEVELOPMENT_TEAM = UUHH4G6PDA;
				INFOPLIST_FILE = AsyncDisplayKitCollectionViewUITests/Info.plist;
				LD_RUNPATH_SEARCH_PATHS = "$(inherited) @executable_path/Frameworks @loader_path/Frameworks";
				PRODUCT_BUNDLE_IDENTIFIER = com.home.zxb.AsyncDisplayKitCollectionViewUITests;
				PRODUCT_NAME = "$(TARGET_NAME)";
				TEST_TARGET_NAME = AsyncDisplayKitCollectionView;
			};
			name = Debug;
		};
		DC23CFC61E6E8675002D5B21 /* Release */ = {
			isa = XCBuildConfiguration;
			baseConfigurationReference = E0A5F399A8E37E7E7DCF7ACA /* Pods-AsyncDisplayKitCollectionViewUITests.release.xcconfig */;
			buildSettings = {
				DEVELOPMENT_TEAM = UUHH4G6PDA;
				INFOPLIST_FILE = AsyncDisplayKitCollectionViewUITests/Info.plist;
				LD_RUNPATH_SEARCH_PATHS = "$(inherited) @executable_path/Frameworks @loader_path/Frameworks";
				PRODUCT_BUNDLE_IDENTIFIER = com.home.zxb.AsyncDisplayKitCollectionViewUITests;
				PRODUCT_NAME = "$(TARGET_NAME)";
				TEST_TARGET_NAME = AsyncDisplayKitCollectionView;
			};
			name = Release;
		};
/* End XCBuildConfiguration section */

/* Begin XCConfigurationList section */
		DC23CF8C1E6E8674002D5B21 /* Build configuration list for PBXProject "AsyncDisplayKitCollectionView" */ = {
			isa = XCConfigurationList;
			buildConfigurations = (
				DC23CFBC1E6E8675002D5B21 /* Debug */,
				DC23CFBD1E6E8675002D5B21 /* Release */,
			);
			defaultConfigurationIsVisible = 0;
			defaultConfigurationName = Release;
		};
		DC23CFBE1E6E8675002D5B21 /* Build configuration list for PBXNativeTarget "AsyncDisplayKitCollectionView" */ = {
			isa = XCConfigurationList;
			buildConfigurations = (
				DC23CFBF1E6E8675002D5B21 /* Debug */,
				DC23CFC01E6E8675002D5B21 /* Release */,
			);
			defaultConfigurationIsVisible = 0;
			defaultConfigurationName = Release;
		};
		DC23CFC11E6E8675002D5B21 /* Build configuration list for PBXNativeTarget "AsyncDisplayKitCollectionViewTests" */ = {
			isa = XCConfigurationList;
			buildConfigurations = (
				DC23CFC21E6E8675002D5B21 /* Debug */,
				DC23CFC31E6E8675002D5B21 /* Release */,
			);
			defaultConfigurationIsVisible = 0;
			defaultConfigurationName = Release;
		};
		DC23CFC41E6E8675002D5B21 /* Build configuration list for PBXNativeTarget "AsyncDisplayKitCollectionViewUITests" */ = {
			isa = XCConfigurationList;
			buildConfigurations = (
				DC23CFC51E6E8675002D5B21 /* Debug */,
				DC23CFC61E6E8675002D5B21 /* Release */,
			);
			defaultConfigurationIsVisible = 0;
			defaultConfigurationName = Release;
		};
/* End XCConfigurationList section */
	};
	rootObject = DC23CF891E6E8674002D5B21 /* Project object */;
}
